<?xml version="1.0" encoding="utf-8"?>
<Project ToolsVersion="4.0" xmlns="http://schemas.microsoft.com/developer/msbuild/2003">
  <ItemGroup>
    <Filter Include="Source Files">
      <UniqueIdentifier>{4FC737F1-C7A5-4376-A066-2A32D752A2FF}</UniqueIdentifier>
      <Extensions>cpp;c;cc;cxx;def;odl;idl;hpj;bat;asm;asmx</Extensions>
    </Filter>
    <Filter Include="Header Files">
      <UniqueIdentifier>{93995380-89BD-4b04-88EB-625FBE52EBFB}</UniqueIdentifier>
      <Extensions>h;hh;hpp;hxx;hm;inl;inc;xsd</Extensions>
    </Filter>
    <Filter Include="Resource Files">
      <UniqueIdentifier>{67DA6AB6-F800-4c08-8B7A-83BB121AAD01}</UniqueIdentifier>
      <Extensions>rc;ico;cur;bmp;dlg;rc2;rct;bin;rgs;gif;jpg;jpeg;jpe;resx;tiff;tif;png;wav;mfcribbon-ms</Extensions>
    </Filter>
    <Filter Include="shader">
      <UniqueIdentifier>{57190efb-8d27-469f-ba52-6d76659b85a3}</UniqueIdentifier>
    </Filter>
    <Filter Include="shader\Descriptor">
      <UniqueIdentifier>{4dcbc86d-2326-4344-a47d-0eb17f6e6252}</UniqueIdentifier>
    </Filter>
  </ItemGroup>
  <ItemGroup>
    <ClCompile Include="main.cpp">
      <Filter>Source Files</Filter>
    </ClCompile>
    <ClCompile Include="VulkanInstance.cpp">
      <Filter>Source Files</Filter>
    </ClCompile>
    <ClCompile Include="VulkanValidationLayers.cpp">
      <Filter>Source Files</Filter>
    </ClCompile>
    <ClCompile Include="VulkanDebug.cpp">
      <Filter>Source Files</Filter>
    </ClCompile>
    <ClCompile Include="VulkanPhysicalDevice.cpp">
      <Filter>Source Files</Filter>
    </ClCompile>
    <ClCompile Include="VulkanLogicalDevice.cpp">
      <Filter>Source Files</Filter>
    </ClCompile>
    <ClCompile Include="VulkanPresentation.cpp">
      <Filter>Source Files</Filter>
    </ClCompile>
    <ClCompile Include="VulkanPipeline.cpp">
      <Filter>Source Files</Filter>
    </ClCompile>
    <ClCompile Include="VulkanDrawing.cpp">
      <Filter>Source Files</Filter>
    </ClCompile>
    <ClCompile Include="VulkanMesh.cpp">
      <Filter>Source Files</Filter>
    </ClCompile>
    <ClCompile Include="VulkanUniform.cpp">
      <Filter>Source Files</Filter>
    </ClCompile>
    <ClCompile Include="VulkanVertexDescription.cpp">
      <Filter>Source Files</Filter>
    </ClCompile>
    <ClCompile Include="VulkanShader.cpp">
      <Filter>Source Files</Filter>
    </ClCompile>
    <ClCompile Include="VulkanUtils.cpp">
      <Filter>Source Files</Filter>
    </ClCompile>
    <ClCompile Include="VulkanTexture.cpp">
      <Filter>Source Files</Filter>
    </ClCompile>
    <ClCompile Include="Image.cpp">
      <Filter>Source Files</Filter>
    </ClCompile>
  </ItemGroup>
  <ItemGroup>
    <ClInclude Include="VulkanInstance.h">
      <Filter>Source Files</Filter>
    </ClInclude>
    <ClInclude Include="VulkanValidationLayers.h">
      <Filter>Source Files</Filter>
    </ClInclude>
    <ClInclude Include="VulkanDebug.h">
      <Filter>Source Files</Filter>
    </ClInclude>
    <ClInclude Include="VulkanPhysicalDevice.h">
      <Filter>Source Files</Filter>
    </ClInclude>
    <ClInclude Include="VulkanLogicalDevice.h">
      <Filter>Source Files</Filter>
    </ClInclude>
    <ClInclude Include="vulkanpresentation.h">
      <Filter>Source Files</Filter>
    </ClInclude>
    <ClInclude Include="VulkanPipeline.h">
      <Filter>Source Files</Filter>
    </ClInclude>
    <ClInclude Include="VulkanDrawing.h">
      <Filter>Source Files</Filter>
    </ClInclude>
    <ClInclude Include="VulkanMesh.h">
      <Filter>Source Files</Filter>
    </ClInclude>
    <ClInclude Include="SUniformBufferObject.h">
      <Filter>Source Files</Filter>
    </ClInclude>
    <ClInclude Include="CustomVertex.h">
      <Filter>Source Files</Filter>
    </ClInclude>
    <ClInclude Include="VulkanUniform.h">
      <Filter>Source Files</Filter>
    </ClInclude>
    <ClInclude Include="VulkanVertexDescription.h">
      <Filter>Source Files</Filter>
    </ClInclude>
    <ClInclude Include="VulkanShader.h">
      <Filter>Source Files</Filter>
    </ClInclude>
    <ClInclude Include="VulkanUtils.h">
      <Filter>Source Files</Filter>
    </ClInclude>
    <ClInclude Include="VulkanTexture.h">
      <Filter>Source Files</Filter>
    </ClInclude>
    <ClInclude Include="Image.h">
      <Filter>Source Files</Filter>
    </ClInclude>
  </ItemGroup>
  <ItemGroup>
    <None Include="Shader\frag.spv">
      <Filter>shader</Filter>
    </None>
    <None Include="Shader\test_frag.spv">
      <Filter>shader</Filter>
    </None>
    <None Include="Shader\test_vert.spv">
      <Filter>shader</Filter>
    </None>
    <None Include="Shader\vert.spv">
      <Filter>shader</Filter>
    </None>
    <None Include="Shader\Descriptor\frag.spv">
      <Filter>shader\Descriptor</Filter>
    </None>
    <None Include="Shader\Descriptor\vert.spv">
      <Filter>shader\Descriptor</Filter>
    </None>
  </ItemGroup>
</Project>